<?xml version="1.0" encoding="utf-8"?>
<Project ToolsVersion="4.0" xmlns="http://schemas.microsoft.com/developer/msbuild/2003">
  <ItemGroup>
    <Filter Include="Source Files">
      <UniqueIdentifier>{4FC737F1-C7A5-4376-A066-2A32D752A2FF}</UniqueIdentifier>
      <Extensions>cpp;c;cc;cxx;def;odl;idl;hpj;bat;asm;asmx</Extensions>
    </Filter>
    <Filter Include="Header Files">
      <UniqueIdentifier>{93995380-89BD-4b04-88EB-625FBE52EBFB}</UniqueIdentifier>
      <Extensions>h;hh;hpp;hxx;hm;inl;inc;xsd</Extensions>
    </Filter>
    <Filter Include="Resource Files">
      <UniqueIdentifier>{67DA6AB6-F800-4c08-8B7A-83BB121AAD01}</UniqueIdentifier>
      <Extensions>rc;ico;cur;bmp;dlg;rc2;rct;bin;rgs;gif;jpg;jpeg;jpe;resx;tiff;tif;png;wav;mfcribbon-ms</Extensions>
    </Filter>
  </ItemGroup>
  <ItemGroup>
    <ClCompile Include="dealingDamage.cpp">
      <Filter>Source Files</Filter>
    </ClCompile>
    <ClCompile Include="operatorForCharacter.cpp">
      <Filter>Source Files</Filter>
    </ClCompile>
    <ClCompile Include="saveCharacter.cpp">
      <Filter>Source Files</Filter>
    </ClCompile>
    <ClCompile Include="loadFromFile.cpp">
      <Filter>Source Files</Filter>
    </ClCompile>
    <ClCompile Include="createWar.cpp">
      <Filter>Source Files</Filter>
    </ClCompile>
    <ClCompile Include="main.cpp">
      <Filter>Source Files</Filter>
    </ClCompile>
    <ClCompile Include="monstr.cpp">
      <Filter>Source Files</Filter>
    </ClCompile>
    <ClCompile Include="character.cpp">
      <Filter>Source Files</Filter>
    </ClCompile>
    <ClCompile Include="characterWeapon.cpp">
      <Filter>Source Files</Filter>
    </ClCompile>
    <ClCompile Include="createRogue.cpp">
      <Filter>Source Files</Filter>
    </ClCompile>
    <ClCompile Include="createMonk.cpp">
      <Filter>Source Files</Filter>
    </ClCompile>
    <ClCompile Include="startChoiseFunc.cpp">
      <Filter>Source Files</Filter>
    </ClCompile>
    <ClCompile Include="fightFunction.cpp">
      <Filter>Source Files</Filter>
    </ClCompile>
    <ClCompile Include="massiveWeapon.cpp">
      <Filter>Source Files</Filter>
    </ClCompile>
    <ClCompile Include="funcStartMeadow.cpp">
      <Filter>Source Files</Filter>
    </ClCompile>
    <ClCompile Include="forestLocation.cpp">
      <Filter>Source Files</Filter>
    </ClCompile>
    <ClCompile Include="windField.cpp">
      <Filter>Source Files</Filter>
    </ClCompile>
    <ClCompile Include="store.cpp">
      <Filter>Source Files</Filter>
    </ClCompile>
    <ClCompile Include="releaseOfCharacterMemory.cpp">
      <Filter>Source Files</Filter>
    </ClCompile>
  </ItemGroup>
  <ItemGroup>
    <ClInclude Include="includeFile.h">
      <Filter>Header Files</Filter>
    </ClInclude>
    <ClInclude Include="dealingDamage.h">
      <Filter>Header Files</Filter>
    </ClInclude>
    <ClInclude Include="resource.h">
      <Filter>Header Files</Filter>
    </ClInclude>
    <ClInclude Include="operatorForCharacter.h">
      <Filter>Header Files</Filter>
    </ClInclude>
    <ClInclude Include="saveCharacter.h">
      <Filter>Header Files</Filter>
    </ClInclude>
    <ClInclude Include="loadFromFile.h">
      <Filter>Header Files</Filter>
    </ClInclude>
    <ClInclude Include="createWar.h">
      <Filter>Header Files</Filter>
    </ClInclude>
    <ClInclude Include="character.h">
      <Filter>Header Files</Filter>
    </ClInclude>
    <ClInclude Include="characterWeapon.h">
      <Filter>Header Files</Filter>
    </ClInclude>
    <ClInclude Include="monstr.h">
      <Filter>Header Files</Filter>
    </ClInclude>
    <ClInclude Include="createRogue.h">
      <Filter>Header Files</Filter>
    </ClInclude>
    <ClInclude Include="createMonk.h">
      <Filter>Header Files</Filter>
    </ClInclude>
    <ClInclude Include="startChoiseFunc.h">
      <Filter>Header Files</Filter>
    </ClInclude>
    <ClInclude Include="fightFunction.h">
      <Filter>Header Files</Filter>
    </ClInclude>
    <ClInclude Include="massiveWeapon.h">
      <Filter>Header Files</Filter>
    </ClInclude>
    <ClInclude Include="funcStartMeadow.h">
      <Filter>Header Files</Filter>
    </ClInclude>
    <ClInclude Include="forestLocation.h">
      <Filter>Header Files</Filter>
    </ClInclude>
    <ClInclude Include="windField.h">
      <Filter>Header Files</Filter>
    </ClInclude>
    <ClInclude Include="store.h">
      <Filter>Header Files</Filter>
    </ClInclude>
    <ClInclude Include="releaseOfCharacterMemory.h">
      <Filter>Header Files</Filter>
    </ClInclude>
  </ItemGroup>
  <ItemGroup>
    <ResourceCompile Include="MyTextGame.rc">
      <Filter>Resource Files</Filter>
    </ResourceCompile>
  </ItemGroup>
</Project>